
Microsoft Visual Studio Solution File, Format Version 12.00
# Visual Studio 15
VisualStudioVersion = 15.0.28010.2016
MinimumVisualStudioVersion = 10.0.40219.1
Project("{9A19103F-16F7-4668-BE54-9A1E7A4F7556}") = "TestCPUCyclesAsGas", "TestCPUCyclesAsGas.csproj", "{68FE56F6-C60F-42F9-8589-C1E89CFDFA7D}"
EndProject
Project("{2150E333-8FDC-42A3-9474-1A3956D46DE8}") = "Solution Items", "Solution Items", "{A0B414E9-6105-4D15-98F3-523102C0C2C0}"
	ProjectSection(SolutionItems) = preProject
		readMe.txt = readMe.txt
	EndProjectSection
EndProject
Global
	GlobalSection(SolutionConfigurationPlatforms) = preSolution
		Debug|Any CPU = Debug|Any CPU
		Release|Any CPU = Release|Any CPU
	EndGlobalSection
	GlobalSection(ProjectConfigurationPlatforms) = postSolution
		{68FE56F6-C60F-42F9-8589-C1E89CFDFA7D}.Debug|Any CPU.ActiveCfg = Debug|Any CPU
		{68FE56F6-C60F-42F9-8589-C1E89CFDFA7D}.Debug|Any CPU.Build.0 = Debug|Any CPU
		{68FE56F6-C60F-42F9-8589-C1E89CFDFA7D}.Release|Any CPU.ActiveCfg = Release|Any CPU
		{68FE56F6-C60F-42F9-8589-C1E89CFDFA7D}.Release|Any CPU.Build.0 = Release|Any CPU
	EndGlobalSection
	GlobalSection(SolutionProperties) = preSolution
		HideSolutionNode = FALSE
	EndGlobalSection
	GlobalSection(ExtensibilityGlobals) = postSolution
		SolutionGuid = {E54BC9AD-D091-4D53-85C1-3029906C1B66}
	EndGlobalSection
EndGlobal
